
Microsoft Visual Studio Solution File, Format Version 12.00
# Visual Studio Version 16
VisualStudioVersion = 16.0.31424.327
MinimumVisualStudioVersion = 10.0.40219.1
Project("{9A19103F-16F7-4668-BE54-9A1E7A4F7556}") = "mvvmCross1", "mvvmCross1\mvvmCross1.csproj", "{2F37B601-3A4A-472C-B71C-02DD9ED666E8}"
EndProject
Project("{FAE04EC0-301F-11D3-BF4B-00C04F79EFBC}") = "MvxCross.WPFcore", "MvxCross.WPFcore\MvxCross.WPFcore.csproj", "{33D06994-DD7A-4C2D-94D5-61DFAB00863D}"
EndProject
Global
	GlobalSection(SolutionConfigurationPlatforms) = preSolution
		Debug|Any CPU = Debug|Any CPU
		Release|Any CPU = Release|Any CPU
	EndGlobalSection
	GlobalSection(ProjectConfigurationPlatforms) = postSolution
		{2F37B601-3A4A-472C-B71C-02DD9ED666E8}.Debug|Any CPU.ActiveCfg = Debug|Any CPU
		{2F37B601-3A4A-472C-B71C-02DD9ED666E8}.Debug|Any CPU.Build.0 = Debug|Any CPU
		{2F37B601-3A4A-472C-B71C-02DD9ED666E8}.Release|Any CPU.ActiveCfg = Release|Any CPU
		{2F37B601-3A4A-472C-B71C-02DD9ED666E8}.Release|Any CPU.Build.0 = Release|Any CPU
		{33D06994-DD7A-4C2D-94D5-61DFAB00863D}.Debug|Any CPU.ActiveCfg = Debug|Any CPU
		{33D06994-DD7A-4C2D-94D5-61DFAB00863D}.Debug|Any CPU.Build.0 = Debug|Any CPU
		{33D06994-DD7A-4C2D-94D5-61DFAB00863D}.Release|Any CPU.ActiveCfg = Release|Any CPU
		{33D06994-DD7A-4C2D-94D5-61DFAB00863D}.Release|Any CPU.Build.0 = Release|Any CPU
	EndGlobalSection
	GlobalSection(SolutionProperties) = preSolution
		HideSolutionNode = FALSE
	EndGlobalSection
	GlobalSection(ExtensibilityGlobals) = postSolution
		SolutionGuid = {749F0C55-500A-4270-A949-FA5FCCC5F1ED}
	EndGlobalSection
EndGlobal
